// !$*UTF8*$!
{
	archiveVersion = 1;
	classes = {
	};
	objectVersion = 56;
	objects = {

/* Begin PBXBuildFile section */
		F8A952522A80B2D6004AEE5F /* GoogleService-Info.plist in Resources */ = {isa = PBXBuildFile; fileRef = F8A952512A80B2D6004AEE5F /* GoogleService-Info.plist */; };
		F8A952542A80CD5D004AEE5F /* UserInfoService.swift in Sources */ = {isa = PBXBuildFile; fileRef = F8A952532A80CD5D004AEE5F /* UserInfoService.swift */; };
		F8A952562A80CDD4004AEE5F /* UserNoteService.swift in Sources */ = {isa = PBXBuildFile; fileRef = F8A952552A80CDD4004AEE5F /* UserNoteService.swift */; };
		F8A952582A80CFB2004AEE5F /* FirebaseUserInfoService.swift in Sources */ = {isa = PBXBuildFile; fileRef = F8A952572A80CFB2004AEE5F /* FirebaseUserInfoService.swift */; };
		F8A9525B2A80D285004AEE5F /* FirebaseDatabase in Frameworks */ = {isa = PBXBuildFile; productRef = F8A9525A2A80D285004AEE5F /* FirebaseDatabase */; };
		F8A9525D2A80D285004AEE5F /* FirebaseDatabaseSwift in Frameworks */ = {isa = PBXBuildFile; productRef = F8A9525C2A80D285004AEE5F /* FirebaseDatabaseSwift */; };
		F8A9525F2A80D2C2004AEE5F /* FirebaseDatabase in Frameworks */ = {isa = PBXBuildFile; productRef = F8A9525E2A80D2C2004AEE5F /* FirebaseDatabase */; };
		F8A952612A80D2C2004AEE5F /* FirebaseDatabaseSwift in Frameworks */ = {isa = PBXBuildFile; productRef = F8A952602A80D2C2004AEE5F /* FirebaseDatabaseSwift */; };
		F8A952632A80D8DF004AEE5F /* FirebaseUserNoteService.swift in Sources */ = {isa = PBXBuildFile; fileRef = F8A952622A80D8DF004AEE5F /* FirebaseUserNoteService.swift */; };
		F8A952662A80E9E9004AEE5F /* UserInfoRepositoryImpl.swift in Sources */ = {isa = PBXBuildFile; fileRef = F8A952652A80E9E9004AEE5F /* UserInfoRepositoryImpl.swift */; };
		F8D889B92A809702005DB81B /* NoteChallengeApp.swift in Sources */ = {isa = PBXBuildFile; fileRef = F8D889B82A809702005DB81B /* NoteChallengeApp.swift */; };
		F8D889BB2A809702005DB81B /* ContentView.swift in Sources */ = {isa = PBXBuildFile; fileRef = F8D889BA2A809702005DB81B /* ContentView.swift */; };
		F8D889BD2A809703005DB81B /* Assets.xcassets in Resources */ = {isa = PBXBuildFile; fileRef = F8D889BC2A809703005DB81B /* Assets.xcassets */; };
		F8D889C02A809703005DB81B /* Preview Assets.xcassets in Resources */ = {isa = PBXBuildFile; fileRef = F8D889BF2A809703005DB81B /* Preview Assets.xcassets */; };
		F8D889FB2A809AC3005DB81B /* Domain.h in Headers */ = {isa = PBXBuildFile; fileRef = F8D889ED2A809AC3005DB81B /* Domain.h */; settings = {ATTRIBUTES = (Public, ); }; };
		F8D889FE2A809AC3005DB81B /* Domain.framework in Frameworks */ = {isa = PBXBuildFile; fileRef = F8D889EB2A809AC3005DB81B /* Domain.framework */; };
		F8D889FF2A809AC3005DB81B /* Domain.framework in Embed Frameworks */ = {isa = PBXBuildFile; fileRef = F8D889EB2A809AC3005DB81B /* Domain.framework */; settings = {ATTRIBUTES = (CodeSignOnCopy, RemoveHeadersOnCopy, ); }; };
		F8D88A0D2A809B4C005DB81B /* DomainTests.swift in Sources */ = {isa = PBXBuildFile; fileRef = F8D88A0C2A809B4C005DB81B /* DomainTests.swift */; };
		F8D88A0E2A809B4C005DB81B /* Domain.framework in Frameworks */ = {isa = PBXBuildFile; fileRef = F8D889EB2A809AC3005DB81B /* Domain.framework */; platformFilter = ios; };
		F8D88A182A809CCC005DB81B /* UserNotesRepository.swift in Sources */ = {isa = PBXBuildFile; fileRef = F8D88A172A809CCC005DB81B /* UserNotesRepository.swift */; };
		F8D88A1B2A809D0F005DB81B /* UserInfo.swift in Sources */ = {isa = PBXBuildFile; fileRef = F8D88A1A2A809D0F005DB81B /* UserInfo.swift */; };
		F8D88A1D2A809D16005DB81B /* UserNote.swift in Sources */ = {isa = PBXBuildFile; fileRef = F8D88A1C2A809D16005DB81B /* UserNote.swift */; };
		F8D88A242A809D67005DB81B /* UserNoteUseCase.swift in Sources */ = {isa = PBXBuildFile; fileRef = F8D88A232A809D67005DB81B /* UserNoteUseCase.swift */; };
		F8D88A262A809FE0005DB81B /* UserInfoUseCase.swift in Sources */ = {isa = PBXBuildFile; fileRef = F8D88A252A809FE0005DB81B /* UserInfoUseCase.swift */; };
		F8D88A342A80AA61005DB81B /* Data.framework in Frameworks */ = {isa = PBXBuildFile; fileRef = F8D88A2C2A80AA60005DB81B /* Data.framework */; };
		F8D88A3B2A80AA61005DB81B /* DataTests.swift in Sources */ = {isa = PBXBuildFile; fileRef = F8D88A3A2A80AA61005DB81B /* DataTests.swift */; };
		F8D88A3C2A80AA61005DB81B /* Data.h in Headers */ = {isa = PBXBuildFile; fileRef = F8D88A2E2A80AA61005DB81B /* Data.h */; settings = {ATTRIBUTES = (Public, ); }; };
		F8D88A3F2A80AA61005DB81B /* Data.framework in Frameworks */ = {isa = PBXBuildFile; fileRef = F8D88A2C2A80AA60005DB81B /* Data.framework */; };
		F8D88A402A80AA61005DB81B /* Data.framework in Embed Frameworks */ = {isa = PBXBuildFile; fileRef = F8D88A2C2A80AA60005DB81B /* Data.framework */; settings = {ATTRIBUTES = (CodeSignOnCopy, RemoveHeadersOnCopy, ); }; };
		F8D88A4F2A80ACA6005DB81B /* Domain.framework in Frameworks */ = {isa = PBXBuildFile; fileRef = F8D889EB2A809AC3005DB81B /* Domain.framework */; };
		F8D88A552A80AD03005DB81B /* UserInfoRepository.swift in Sources */ = {isa = PBXBuildFile; fileRef = F8D88A542A80AD03005DB81B /* UserInfoRepository.swift */; };
		F8D88A572A80ADC9005DB81B /* AppDelegate.swift in Sources */ = {isa = PBXBuildFile; fileRef = F8D88A562A80ADC9005DB81B /* AppDelegate.swift */; };
/* End PBXBuildFile section */

/* Begin PBXContainerItemProxy section */
		F8D889FC2A809AC3005DB81B /* PBXContainerItemProxy */ = {
			isa = PBXContainerItemProxy;
			containerPortal = F8D889AD2A809702005DB81B /* Project object */;
			proxyType = 1;
			remoteGlobalIDString = F8D889EA2A809AC3005DB81B;
			remoteInfo = Domain;
		};
		F8D88A0F2A809B4C005DB81B /* PBXContainerItemProxy */ = {
			isa = PBXContainerItemProxy;
			containerPortal = F8D889AD2A809702005DB81B /* Project object */;
			proxyType = 1;
			remoteGlobalIDString = F8D889EA2A809AC3005DB81B;
			remoteInfo = Domain;
		};
		F8D88A352A80AA61005DB81B /* PBXContainerItemProxy */ = {
			isa = PBXContainerItemProxy;
			containerPortal = F8D889AD2A809702005DB81B /* Project object */;
			proxyType = 1;
			remoteGlobalIDString = F8D88A2B2A80AA60005DB81B;
			remoteInfo = Data;
		};
		F8D88A372A80AA61005DB81B /* PBXContainerItemProxy */ = {
			isa = PBXContainerItemProxy;
			containerPortal = F8D889AD2A809702005DB81B /* Project object */;
			proxyType = 1;
			remoteGlobalIDString = F8D889B42A809702005DB81B;
			remoteInfo = NoteChallenge;
		};
		F8D88A3D2A80AA61005DB81B /* PBXContainerItemProxy */ = {
			isa = PBXContainerItemProxy;
			containerPortal = F8D889AD2A809702005DB81B /* Project object */;
			proxyType = 1;
			remoteGlobalIDString = F8D88A2B2A80AA60005DB81B;
			remoteInfo = Data;
		};
		F8D88A512A80ACA6005DB81B /* PBXContainerItemProxy */ = {
			isa = PBXContainerItemProxy;
			containerPortal = F8D889AD2A809702005DB81B /* Project object */;
			proxyType = 1;
			remoteGlobalIDString = F8D889EA2A809AC3005DB81B;
			remoteInfo = Domain;
		};
/* End PBXContainerItemProxy section */

/* Begin PBXCopyFilesBuildPhase section */
		F8D889D62A8098BD005DB81B /* Embed Frameworks */ = {
			isa = PBXCopyFilesBuildPhase;
			buildActionMask = 2147483647;
			dstPath = "";
			dstSubfolderSpec = 10;
			files = (
				F8D88A402A80AA61005DB81B /* Data.framework in Embed Frameworks */,
				F8D889FF2A809AC3005DB81B /* Domain.framework in Embed Frameworks */,
			);
			name = "Embed Frameworks";
			runOnlyForDeploymentPostprocessing = 0;
		};
/* End PBXCopyFilesBuildPhase section */

/* Begin PBXFileReference section */
		F8A952512A80B2D6004AEE5F /* GoogleService-Info.plist */ = {isa = PBXFileReference; fileEncoding = 4; lastKnownFileType = text.plist.xml; path = "GoogleService-Info.plist"; sourceTree = "<group>"; };
		F8A952532A80CD5D004AEE5F /* UserInfoService.swift */ = {isa = PBXFileReference; lastKnownFileType = sourcecode.swift; path = UserInfoService.swift; sourceTree = "<group>"; };
		F8A952552A80CDD4004AEE5F /* UserNoteService.swift */ = {isa = PBXFileReference; lastKnownFileType = sourcecode.swift; path = UserNoteService.swift; sourceTree = "<group>"; };
		F8A952572A80CFB2004AEE5F /* FirebaseUserInfoService.swift */ = {isa = PBXFileReference; lastKnownFileType = sourcecode.swift; path = FirebaseUserInfoService.swift; sourceTree = "<group>"; };
		F8A952622A80D8DF004AEE5F /* FirebaseUserNoteService.swift */ = {isa = PBXFileReference; lastKnownFileType = sourcecode.swift; path = FirebaseUserNoteService.swift; sourceTree = "<group>"; };
		F8A952652A80E9E9004AEE5F /* UserInfoRepositoryImpl.swift */ = {isa = PBXFileReference; lastKnownFileType = sourcecode.swift; path = UserInfoRepositoryImpl.swift; sourceTree = "<group>"; };
		F8D889B52A809702005DB81B /* NoteChallenge.app */ = {isa = PBXFileReference; explicitFileType = wrapper.application; includeInIndex = 0; path = NoteChallenge.app; sourceTree = BUILT_PRODUCTS_DIR; };
		F8D889B82A809702005DB81B /* NoteChallengeApp.swift */ = {isa = PBXFileReference; lastKnownFileType = sourcecode.swift; path = NoteChallengeApp.swift; sourceTree = "<group>"; };
		F8D889BA2A809702005DB81B /* ContentView.swift */ = {isa = PBXFileReference; lastKnownFileType = sourcecode.swift; path = ContentView.swift; sourceTree = "<group>"; };
		F8D889BC2A809703005DB81B /* Assets.xcassets */ = {isa = PBXFileReference; lastKnownFileType = folder.assetcatalog; path = Assets.xcassets; sourceTree = "<group>"; };
		F8D889BF2A809703005DB81B /* Preview Assets.xcassets */ = {isa = PBXFileReference; lastKnownFileType = folder.assetcatalog; path = "Preview Assets.xcassets"; sourceTree = "<group>"; };
		F8D889EB2A809AC3005DB81B /* Domain.framework */ = {isa = PBXFileReference; explicitFileType = wrapper.framework; includeInIndex = 0; path = Domain.framework; sourceTree = BUILT_PRODUCTS_DIR; };
		F8D889ED2A809AC3005DB81B /* Domain.h */ = {isa = PBXFileReference; lastKnownFileType = sourcecode.c.h; path = Domain.h; sourceTree = "<group>"; };
		F8D88A0A2A809B4C005DB81B /* DomainTests.xctest */ = {isa = PBXFileReference; explicitFileType = wrapper.cfbundle; includeInIndex = 0; path = DomainTests.xctest; sourceTree = BUILT_PRODUCTS_DIR; };
		F8D88A0C2A809B4C005DB81B /* DomainTests.swift */ = {isa = PBXFileReference; lastKnownFileType = sourcecode.swift; path = DomainTests.swift; sourceTree = "<group>"; };
		F8D88A172A809CCC005DB81B /* UserNotesRepository.swift */ = {isa = PBXFileReference; lastKnownFileType = sourcecode.swift; path = UserNotesRepository.swift; sourceTree = "<group>"; };
		F8D88A1A2A809D0F005DB81B /* UserInfo.swift */ = {isa = PBXFileReference; lastKnownFileType = sourcecode.swift; path = UserInfo.swift; sourceTree = "<group>"; };
		F8D88A1C2A809D16005DB81B /* UserNote.swift */ = {isa = PBXFileReference; lastKnownFileType = sourcecode.swift; path = UserNote.swift; sourceTree = "<group>"; };
		F8D88A232A809D67005DB81B /* UserNoteUseCase.swift */ = {isa = PBXFileReference; lastKnownFileType = sourcecode.swift; path = UserNoteUseCase.swift; sourceTree = "<group>"; };
		F8D88A252A809FE0005DB81B /* UserInfoUseCase.swift */ = {isa = PBXFileReference; lastKnownFileType = sourcecode.swift; path = UserInfoUseCase.swift; sourceTree = "<group>"; };
		F8D88A2C2A80AA60005DB81B /* Data.framework */ = {isa = PBXFileReference; explicitFileType = wrapper.framework; includeInIndex = 0; path = Data.framework; sourceTree = BUILT_PRODUCTS_DIR; };
		F8D88A2E2A80AA61005DB81B /* Data.h */ = {isa = PBXFileReference; lastKnownFileType = sourcecode.c.h; path = Data.h; sourceTree = "<group>"; };
		F8D88A332A80AA61005DB81B /* DataTests.xctest */ = {isa = PBXFileReference; explicitFileType = wrapper.cfbundle; includeInIndex = 0; path = DataTests.xctest; sourceTree = BUILT_PRODUCTS_DIR; };
		F8D88A3A2A80AA61005DB81B /* DataTests.swift */ = {isa = PBXFileReference; lastKnownFileType = sourcecode.swift; path = DataTests.swift; sourceTree = "<group>"; };
		F8D88A542A80AD03005DB81B /* UserInfoRepository.swift */ = {isa = PBXFileReference; lastKnownFileType = sourcecode.swift; path = UserInfoRepository.swift; sourceTree = "<group>"; };
		F8D88A562A80ADC9005DB81B /* AppDelegate.swift */ = {isa = PBXFileReference; lastKnownFileType = sourcecode.swift; path = AppDelegate.swift; sourceTree = "<group>"; };
/* End PBXFileReference section */

/* Begin PBXFrameworksBuildPhase section */
		F8D889B22A809702005DB81B /* Frameworks */ = {
			isa = PBXFrameworksBuildPhase;
			buildActionMask = 2147483647;
			files = (
				F8A9525D2A80D285004AEE5F /* FirebaseDatabaseSwift in Frameworks */,
				F8A9525B2A80D285004AEE5F /* FirebaseDatabase in Frameworks */,
				F8D88A3F2A80AA61005DB81B /* Data.framework in Frameworks */,
				F8D889FE2A809AC3005DB81B /* Domain.framework in Frameworks */,
			);
			runOnlyForDeploymentPostprocessing = 0;
		};
		F8D889E82A809AC3005DB81B /* Frameworks */ = {
			isa = PBXFrameworksBuildPhase;
			buildActionMask = 2147483647;
			files = (
			);
			runOnlyForDeploymentPostprocessing = 0;
		};
		F8D88A072A809B4C005DB81B /* Frameworks */ = {
			isa = PBXFrameworksBuildPhase;
			buildActionMask = 2147483647;
			files = (
				F8D88A0E2A809B4C005DB81B /* Domain.framework in Frameworks */,
			);
			runOnlyForDeploymentPostprocessing = 0;
		};
		F8D88A292A80AA60005DB81B /* Frameworks */ = {
			isa = PBXFrameworksBuildPhase;
			buildActionMask = 2147483647;
			files = (
				F8A952612A80D2C2004AEE5F /* FirebaseDatabaseSwift in Frameworks */,
				F8A9525F2A80D2C2004AEE5F /* FirebaseDatabase in Frameworks */,
				F8D88A4F2A80ACA6005DB81B /* Domain.framework in Frameworks */,
			);
			runOnlyForDeploymentPostprocessing = 0;
		};
		F8D88A302A80AA61005DB81B /* Frameworks */ = {
			isa = PBXFrameworksBuildPhase;
			buildActionMask = 2147483647;
			files = (
				F8D88A342A80AA61005DB81B /* Data.framework in Frameworks */,
			);
			runOnlyForDeploymentPostprocessing = 0;
		};
/* End PBXFrameworksBuildPhase section */

/* Begin PBXGroup section */
		F8A952642A80E9DB004AEE5F /* Repositories */ = {
			isa = PBXGroup;
			children = (
				F8A952652A80E9E9004AEE5F /* UserInfoRepositoryImpl.swift */,
			);
			path = Repositories;
			sourceTree = "<group>";
		};
		F8D889AC2A809702005DB81B = {
			isa = PBXGroup;
			children = (
				F8D889B72A809702005DB81B /* NoteChallenge */,
				F8D889EC2A809AC3005DB81B /* Domain */,
				F8D88A0B2A809B4C005DB81B /* DomainTests */,
				F8D88A2D2A80AA61005DB81B /* Data */,
				F8D88A392A80AA61005DB81B /* DataTests */,
				F8D889B62A809702005DB81B /* Products */,
				F8D88A4E2A80ACA6005DB81B /* Frameworks */,
			);
			sourceTree = "<group>";
		};
		F8D889B62A809702005DB81B /* Products */ = {
			isa = PBXGroup;
			children = (
				F8D889B52A809702005DB81B /* NoteChallenge.app */,
				F8D889EB2A809AC3005DB81B /* Domain.framework */,
				F8D88A0A2A809B4C005DB81B /* DomainTests.xctest */,
				F8D88A2C2A80AA60005DB81B /* Data.framework */,
				F8D88A332A80AA61005DB81B /* DataTests.xctest */,
			);
			name = Products;
			sourceTree = "<group>";
		};
		F8D889B72A809702005DB81B /* NoteChallenge */ = {
			isa = PBXGroup;
			children = (
				F8A952512A80B2D6004AEE5F /* GoogleService-Info.plist */,
				F8D889B82A809702005DB81B /* NoteChallengeApp.swift */,
				F8D889BA2A809702005DB81B /* ContentView.swift */,
				F8D889BC2A809703005DB81B /* Assets.xcassets */,
				F8D889BE2A809703005DB81B /* Preview Content */,
				F8D88A562A80ADC9005DB81B /* AppDelegate.swift */,
			);
			path = NoteChallenge;
			sourceTree = "<group>";
		};
		F8D889BE2A809703005DB81B /* Preview Content */ = {
			isa = PBXGroup;
			children = (
				F8D889BF2A809703005DB81B /* Preview Assets.xcassets */,
			);
			path = "Preview Content";
			sourceTree = "<group>";
		};
		F8D889EC2A809AC3005DB81B /* Domain */ = {
			isa = PBXGroup;
			children = (
				F8D88A1E2A809D2A005DB81B /* UseCases */,
				F8D88A192A809CDB005DB81B /* Entities */,
				F8D88A142A809CA9005DB81B /* Repositories */,
				F8D889ED2A809AC3005DB81B /* Domain.h */,
			);
			path = Domain;
			sourceTree = "<group>";
		};
		F8D88A0B2A809B4C005DB81B /* DomainTests */ = {
			isa = PBXGroup;
			children = (
				F8D88A0C2A809B4C005DB81B /* DomainTests.swift */,
			);
			path = DomainTests;
			sourceTree = "<group>";
		};
		F8D88A142A809CA9005DB81B /* Repositories */ = {
			isa = PBXGroup;
			children = (
				F8D88A542A80AD03005DB81B /* UserInfoRepository.swift */,
				F8D88A172A809CCC005DB81B /* UserNotesRepository.swift */,
			);
			path = Repositories;
			sourceTree = "<group>";
		};
		F8D88A192A809CDB005DB81B /* Entities */ = {
			isa = PBXGroup;
			children = (
				F8D88A1A2A809D0F005DB81B /* UserInfo.swift */,
				F8D88A1C2A809D16005DB81B /* UserNote.swift */,
			);
			path = Entities;
			sourceTree = "<group>";
		};
		F8D88A1E2A809D2A005DB81B /* UseCases */ = {
			isa = PBXGroup;
			children = (
				F8D88A232A809D67005DB81B /* UserNoteUseCase.swift */,
				F8D88A252A809FE0005DB81B /* UserInfoUseCase.swift */,
			);
			path = UseCases;
			sourceTree = "<group>";
		};
		F8D88A2D2A80AA61005DB81B /* Data */ = {
			isa = PBXGroup;
			children = (
				F8A952642A80E9DB004AEE5F /* Repositories */,
				F8D88A2E2A80AA61005DB81B /* Data.h */,
				F8A952532A80CD5D004AEE5F /* UserInfoService.swift */,
				F8A952552A80CDD4004AEE5F /* UserNoteService.swift */,
				F8A952572A80CFB2004AEE5F /* FirebaseUserInfoService.swift */,
				F8A952622A80D8DF004AEE5F /* FirebaseUserNoteService.swift */,
			);
			path = Data;
			sourceTree = "<group>";
		};
		F8D88A392A80AA61005DB81B /* DataTests */ = {
			isa = PBXGroup;
			children = (
				F8D88A3A2A80AA61005DB81B /* DataTests.swift */,
			);
			path = DataTests;
			sourceTree = "<group>";
		};
		F8D88A4E2A80ACA6005DB81B /* Frameworks */ = {
			isa = PBXGroup;
			children = (
			);
			name = Frameworks;
			sourceTree = "<group>";
		};
/* End PBXGroup section */

/* Begin PBXHeadersBuildPhase section */
		F8D889E62A809AC3005DB81B /* Headers */ = {
			isa = PBXHeadersBuildPhase;
			buildActionMask = 2147483647;
			files = (
				F8D889FB2A809AC3005DB81B /* Domain.h in Headers */,
			);
			runOnlyForDeploymentPostprocessing = 0;
		};
		F8D88A272A80AA60005DB81B /* Headers */ = {
			isa = PBXHeadersBuildPhase;
			buildActionMask = 2147483647;
			files = (
				F8D88A3C2A80AA61005DB81B /* Data.h in Headers */,
			);
			runOnlyForDeploymentPostprocessing = 0;
		};
/* End PBXHeadersBuildPhase section */

/* Begin PBXNativeTarget section */
		F8D889B42A809702005DB81B /* NoteChallenge */ = {
			isa = PBXNativeTarget;
			buildConfigurationList = F8D889C32A809703005DB81B /* Build configuration list for PBXNativeTarget "NoteChallenge" */;
			buildPhases = (
				F8D889B12A809702005DB81B /* Sources */,
				F8D889B22A809702005DB81B /* Frameworks */,
				F8D889B32A809702005DB81B /* Resources */,
				F8D889D62A8098BD005DB81B /* Embed Frameworks */,
			);
			buildRules = (
			);
			dependencies = (
				F8D889FD2A809AC3005DB81B /* PBXTargetDependency */,
				F8D88A3E2A80AA61005DB81B /* PBXTargetDependency */,
			);
			name = NoteChallenge;
			packageProductDependencies = (
				F8A9525A2A80D285004AEE5F /* FirebaseDatabase */,
				F8A9525C2A80D285004AEE5F /* FirebaseDatabaseSwift */,
			);
			productName = NoteChallenge;
			productReference = F8D889B52A809702005DB81B /* NoteChallenge.app */;
			productType = "com.apple.product-type.application";
		};
		F8D889EA2A809AC3005DB81B /* Domain */ = {
			isa = PBXNativeTarget;
			buildConfigurationList = F8D88A002A809AC3005DB81B /* Build configuration list for PBXNativeTarget "Domain" */;
			buildPhases = (
				F8D889E62A809AC3005DB81B /* Headers */,
				F8D889E72A809AC3005DB81B /* Sources */,
				F8D889E82A809AC3005DB81B /* Frameworks */,
				F8D889E92A809AC3005DB81B /* Resources */,
			);
			buildRules = (
			);
			dependencies = (
			);
			name = Domain;
			productName = Domain;
			productReference = F8D889EB2A809AC3005DB81B /* Domain.framework */;
			productType = "com.apple.product-type.framework";
		};
		F8D88A092A809B4C005DB81B /* DomainTests */ = {
			isa = PBXNativeTarget;
			buildConfigurationList = F8D88A112A809B4C005DB81B /* Build configuration list for PBXNativeTarget "DomainTests" */;
			buildPhases = (
				F8D88A062A809B4C005DB81B /* Sources */,
				F8D88A072A809B4C005DB81B /* Frameworks */,
				F8D88A082A809B4C005DB81B /* Resources */,
			);
			buildRules = (
			);
			dependencies = (
				F8D88A102A809B4C005DB81B /* PBXTargetDependency */,
			);
			name = DomainTests;
			productName = DomainTests;
			productReference = F8D88A0A2A809B4C005DB81B /* DomainTests.xctest */;
			productType = "com.apple.product-type.bundle.unit-test";
		};
		F8D88A2B2A80AA60005DB81B /* Data */ = {
			isa = PBXNativeTarget;
			buildConfigurationList = F8D88A412A80AA61005DB81B /* Build configuration list for PBXNativeTarget "Data" */;
			buildPhases = (
				F8D88A272A80AA60005DB81B /* Headers */,
				F8D88A282A80AA60005DB81B /* Sources */,
				F8D88A292A80AA60005DB81B /* Frameworks */,
				F8D88A2A2A80AA60005DB81B /* Resources */,
			);
			buildRules = (
			);
			dependencies = (
				F8D88A522A80ACA6005DB81B /* PBXTargetDependency */,
			);
			name = Data;
			packageProductDependencies = (
				F8A9525E2A80D2C2004AEE5F /* FirebaseDatabase */,
				F8A952602A80D2C2004AEE5F /* FirebaseDatabaseSwift */,
			);
			productName = Data;
			productReference = F8D88A2C2A80AA60005DB81B /* Data.framework */;
			productType = "com.apple.product-type.framework";
		};
		F8D88A322A80AA61005DB81B /* DataTests */ = {
			isa = PBXNativeTarget;
			buildConfigurationList = F8D88A442A80AA61005DB81B /* Build configuration list for PBXNativeTarget "DataTests" */;
			buildPhases = (
				F8D88A2F2A80AA61005DB81B /* Sources */,
				F8D88A302A80AA61005DB81B /* Frameworks */,
				F8D88A312A80AA61005DB81B /* Resources */,
			);
			buildRules = (
			);
			dependencies = (
				F8D88A362A80AA61005DB81B /* PBXTargetDependency */,
				F8D88A382A80AA61005DB81B /* PBXTargetDependency */,
			);
			name = DataTests;
			productName = DataTests;
			productReference = F8D88A332A80AA61005DB81B /* DataTests.xctest */;
			productType = "com.apple.product-type.bundle.unit-test";
		};
/* End PBXNativeTarget section */

/* Begin PBXProject section */
		F8D889AD2A809702005DB81B /* Project object */ = {
			isa = PBXProject;
			attributes = {
				BuildIndependentTargetsInParallel = 1;
				LastSwiftUpdateCheck = 1430;
				LastUpgradeCheck = 1430;
				TargetAttributes = {
					F8D889B42A809702005DB81B = {
						CreatedOnToolsVersion = 14.3.1;
					};
					F8D889EA2A809AC3005DB81B = {
						CreatedOnToolsVersion = 14.3.1;
						LastSwiftMigration = 1430;
					};
					F8D88A092A809B4C005DB81B = {
						CreatedOnToolsVersion = 14.3.1;
					};
					F8D88A2B2A80AA60005DB81B = {
						CreatedOnToolsVersion = 14.3.1;
						LastSwiftMigration = 1430;
					};
					F8D88A322A80AA61005DB81B = {
						CreatedOnToolsVersion = 14.3.1;
						TestTargetID = F8D889B42A809702005DB81B;
					};
				};
			};
			buildConfigurationList = F8D889B02A809702005DB81B /* Build configuration list for PBXProject "NoteChallenge" */;
			compatibilityVersion = "Xcode 14.0";
			developmentRegion = en;
			hasScannedForEncodings = 0;
			knownRegions = (
				en,
				Base,
			);
			mainGroup = F8D889AC2A809702005DB81B;
			packageReferences = (
				F8A952592A80D285004AEE5F /* XCRemoteSwiftPackageReference "firebase-ios-sdk" */,
			);
			productRefGroup = F8D889B62A809702005DB81B /* Products */;
			projectDirPath = "";
			projectRoot = "";
			targets = (
				F8D889B42A809702005DB81B /* NoteChallenge */,
				F8D889EA2A809AC3005DB81B /* Domain */,
				F8D88A092A809B4C005DB81B /* DomainTests */,
				F8D88A2B2A80AA60005DB81B /* Data */,
				F8D88A322A80AA61005DB81B /* DataTests */,
			);
		};
/* End PBXProject section */

/* Begin PBXResourcesBuildPhase section */
		F8D889B32A809702005DB81B /* Resources */ = {
			isa = PBXResourcesBuildPhase;
			buildActionMask = 2147483647;
			files = (
				F8D889C02A809703005DB81B /* Preview Assets.xcassets in Resources */,
				F8D889BD2A809703005DB81B /* Assets.xcassets in Resources */,
				F8A952522A80B2D6004AEE5F /* GoogleService-Info.plist in Resources */,
			);
			runOnlyForDeploymentPostprocessing = 0;
		};
		F8D889E92A809AC3005DB81B /* Resources */ = {
			isa = PBXResourcesBuildPhase;
			buildActionMask = 2147483647;
			files = (
			);
			runOnlyForDeploymentPostprocessing = 0;
		};
		F8D88A082A809B4C005DB81B /* Resources */ = {
			isa = PBXResourcesBuildPhase;
			buildActionMask = 2147483647;
			files = (
			);
			runOnlyForDeploymentPostprocessing = 0;
		};
		F8D88A2A2A80AA60005DB81B /* Resources */ = {
			isa = PBXResourcesBuildPhase;
			buildActionMask = 2147483647;
			files = (
			);
			runOnlyForDeploymentPostprocessing = 0;
		};
		F8D88A312A80AA61005DB81B /* Resources */ = {
			isa = PBXResourcesBuildPhase;
			buildActionMask = 2147483647;
			files = (
			);
			runOnlyForDeploymentPostprocessing = 0;
		};
/* End PBXResourcesBuildPhase section */

/* Begin PBXSourcesBuildPhase section */
		F8D889B12A809702005DB81B /* Sources */ = {
			isa = PBXSourcesBuildPhase;
			buildActionMask = 2147483647;
			files = (
				F8D88A572A80ADC9005DB81B /* AppDelegate.swift in Sources */,
				F8D889BB2A809702005DB81B /* ContentView.swift in Sources */,
				F8D889B92A809702005DB81B /* NoteChallengeApp.swift in Sources */,
			);
			runOnlyForDeploymentPostprocessing = 0;
		};
		F8D889E72A809AC3005DB81B /* Sources */ = {
			isa = PBXSourcesBuildPhase;
			buildActionMask = 2147483647;
			files = (
				F8D88A182A809CCC005DB81B /* UserNotesRepository.swift in Sources */,
				F8D88A242A809D67005DB81B /* UserNoteUseCase.swift in Sources */,
				F8D88A1B2A809D0F005DB81B /* UserInfo.swift in Sources */,
				F8D88A1D2A809D16005DB81B /* UserNote.swift in Sources */,
				F8D88A552A80AD03005DB81B /* UserInfoRepository.swift in Sources */,
				F8D88A262A809FE0005DB81B /* UserInfoUseCase.swift in Sources */,
			);
			runOnlyForDeploymentPostprocessing = 0;
		};
		F8D88A062A809B4C005DB81B /* Sources */ = {
			isa = PBXSourcesBuildPhase;
			buildActionMask = 2147483647;
			files = (
				F8D88A0D2A809B4C005DB81B /* DomainTests.swift in Sources */,
			);
			runOnlyForDeploymentPostprocessing = 0;
		};
		F8D88A282A80AA60005DB81B /* Sources */ = {
			isa = PBXSourcesBuildPhase;
			buildActionMask = 2147483647;
			files = (
				F8A952562A80CDD4004AEE5F /* UserNoteService.swift in Sources */,
				F8A952542A80CD5D004AEE5F /* UserInfoService.swift in Sources */,
				F8A952582A80CFB2004AEE5F /* FirebaseUserInfoService.swift in Sources */,
				F8A952662A80E9E9004AEE5F /* UserInfoRepositoryImpl.swift in Sources */,
				F8A952632A80D8DF004AEE5F /* FirebaseUserNoteService.swift in Sources */,
			);
			runOnlyForDeploymentPostprocessing = 0;
		};
		F8D88A2F2A80AA61005DB81B /* Sources */ = {
			isa = PBXSourcesBuildPhase;
			buildActionMask = 2147483647;
			files = (
				F8D88A3B2A80AA61005DB81B /* DataTests.swift in Sources */,
			);
			runOnlyForDeploymentPostprocessing = 0;
		};
/* End PBXSourcesBuildPhase section */

/* Begin PBXTargetDependency section */
		F8D889FD2A809AC3005DB81B /* PBXTargetDependency */ = {
			isa = PBXTargetDependency;
			target = F8D889EA2A809AC3005DB81B /* Domain */;
			targetProxy = F8D889FC2A809AC3005DB81B /* PBXContainerItemProxy */;
		};
		F8D88A102A809B4C005DB81B /* PBXTargetDependency */ = {
			isa = PBXTargetDependency;
			platformFilter = ios;
			target = F8D889EA2A809AC3005DB81B /* Domain */;
			targetProxy = F8D88A0F2A809B4C005DB81B /* PBXContainerItemProxy */;
		};
		F8D88A362A80AA61005DB81B /* PBXTargetDependency */ = {
			isa = PBXTargetDependency;
			target = F8D88A2B2A80AA60005DB81B /* Data */;
			targetProxy = F8D88A352A80AA61005DB81B /* PBXContainerItemProxy */;
		};
		F8D88A382A80AA61005DB81B /* PBXTargetDependency */ = {
			isa = PBXTargetDependency;
			target = F8D889B42A809702005DB81B /* NoteChallenge */;
			targetProxy = F8D88A372A80AA61005DB81B /* PBXContainerItemProxy */;
		};
		F8D88A3E2A80AA61005DB81B /* PBXTargetDependency */ = {
			isa = PBXTargetDependency;
			target = F8D88A2B2A80AA60005DB81B /* Data */;
			targetProxy = F8D88A3D2A80AA61005DB81B /* PBXContainerItemProxy */;
		};
		F8D88A522A80ACA6005DB81B /* PBXTargetDependency */ = {
			isa = PBXTargetDependency;
			target = F8D889EA2A809AC3005DB81B /* Domain */;
			targetProxy = F8D88A512A80ACA6005DB81B /* PBXContainerItemProxy */;
		};
/* End PBXTargetDependency section */

/* Begin XCBuildConfiguration section */
		F8D889C12A809703005DB81B /* Debug */ = {
			isa = XCBuildConfiguration;
			buildSettings = {
				ALWAYS_SEARCH_USER_PATHS = NO;
				CLANG_ANALYZER_NONNULL = YES;
				CLANG_ANALYZER_NUMBER_OBJECT_CONVERSION = YES_AGGRESSIVE;
				CLANG_CXX_LANGUAGE_STANDARD = "gnu++20";
				CLANG_ENABLE_MODULES = YES;
				CLANG_ENABLE_OBJC_ARC = YES;
				CLANG_ENABLE_OBJC_WEAK = YES;
				CLANG_WARN_BLOCK_CAPTURE_AUTORELEASING = YES;
				CLANG_WARN_BOOL_CONVERSION = YES;
				CLANG_WARN_COMMA = YES;
				CLANG_WARN_CONSTANT_CONVERSION = YES;
				CLANG_WARN_DEPRECATED_OBJC_IMPLEMENTATIONS = YES;
				CLANG_WARN_DIRECT_OBJC_ISA_USAGE = YES_ERROR;
				CLANG_WARN_DOCUMENTATION_COMMENTS = YES;
				CLANG_WARN_EMPTY_BODY = YES;
				CLANG_WARN_ENUM_CONVERSION = YES;
				CLANG_WARN_INFINITE_RECURSION = YES;
				CLANG_WARN_INT_CONVERSION = YES;
				CLANG_WARN_NON_LITERAL_NULL_CONVERSION = YES;
				CLANG_WARN_OBJC_IMPLICIT_RETAIN_SELF = YES;
				CLANG_WARN_OBJC_LITERAL_CONVERSION = YES;
				CLANG_WARN_OBJC_ROOT_CLASS = YES_ERROR;
				CLANG_WARN_QUOTED_INCLUDE_IN_FRAMEWORK_HEADER = YES;
				CLANG_WARN_RANGE_LOOP_ANALYSIS = YES;
				CLANG_WARN_STRICT_PROTOTYPES = YES;
				CLANG_WARN_SUSPICIOUS_MOVE = YES;
				CLANG_WARN_UNGUARDED_AVAILABILITY = YES_AGGRESSIVE;
				CLANG_WARN_UNREACHABLE_CODE = YES;
				CLANG_WARN__DUPLICATE_METHOD_MATCH = YES;
				COPY_PHASE_STRIP = NO;
				DEBUG_INFORMATION_FORMAT = dwarf;
				ENABLE_STRICT_OBJC_MSGSEND = YES;
				ENABLE_TESTABILITY = YES;
				GCC_C_LANGUAGE_STANDARD = gnu11;
				GCC_DYNAMIC_NO_PIC = NO;
				GCC_NO_COMMON_BLOCKS = YES;
				GCC_OPTIMIZATION_LEVEL = 0;
				GCC_PREPROCESSOR_DEFINITIONS = (
					"DEBUG=1",
					"$(inherited)",
				);
				GCC_WARN_64_TO_32_BIT_CONVERSION = YES;
				GCC_WARN_ABOUT_RETURN_TYPE = YES_ERROR;
				GCC_WARN_UNDECLARED_SELECTOR = YES;
				GCC_WARN_UNINITIALIZED_AUTOS = YES_AGGRESSIVE;
				GCC_WARN_UNUSED_FUNCTION = YES;
				GCC_WARN_UNUSED_VARIABLE = YES;
				IPHONEOS_DEPLOYMENT_TARGET = 16.4;
				MTL_ENABLE_DEBUG_INFO = INCLUDE_SOURCE;
				MTL_FAST_MATH = YES;
				ONLY_ACTIVE_ARCH = YES;
				SDKROOT = iphoneos;
				SWIFT_ACTIVE_COMPILATION_CONDITIONS = DEBUG;
				SWIFT_OPTIMIZATION_LEVEL = "-Onone";
			};
			name = Debug;
		};
		F8D889C22A809703005DB81B /* Release */ = {
			isa = XCBuildConfiguration;
			buildSettings = {
				ALWAYS_SEARCH_USER_PATHS = NO;
				CLANG_ANALYZER_NONNULL = YES;
				CLANG_ANALYZER_NUMBER_OBJECT_CONVERSION = YES_AGGRESSIVE;
				CLANG_CXX_LANGUAGE_STANDARD = "gnu++20";
				CLANG_ENABLE_MODULES = YES;
				CLANG_ENABLE_OBJC_ARC = YES;
				CLANG_ENABLE_OBJC_WEAK = YES;
				CLANG_WARN_BLOCK_CAPTURE_AUTORELEASING = YES;
				CLANG_WARN_BOOL_CONVERSION = YES;
				CLANG_WARN_COMMA = YES;
				CLANG_WARN_CONSTANT_CONVERSION = YES;
				CLANG_WARN_DEPRECATED_OBJC_IMPLEMENTATIONS = YES;
				CLANG_WARN_DIRECT_OBJC_ISA_USAGE = YES_ERROR;
				CLANG_WARN_DOCUMENTATION_COMMENTS = YES;
				CLANG_WARN_EMPTY_BODY = YES;
				CLANG_WARN_ENUM_CONVERSION = YES;
				CLANG_WARN_INFINITE_RECURSION = YES;
				CLANG_WARN_INT_CONVERSION = YES;
				CLANG_WARN_NON_LITERAL_NULL_CONVERSION = YES;
				CLANG_WARN_OBJC_IMPLICIT_RETAIN_SELF = YES;
				CLANG_WARN_OBJC_LITERAL_CONVERSION = YES;
				CLANG_WARN_OBJC_ROOT_CLASS = YES_ERROR;
				CLANG_WARN_QUOTED_INCLUDE_IN_FRAMEWORK_HEADER = YES;
				CLANG_WARN_RANGE_LOOP_ANALYSIS = YES;
				CLANG_WARN_STRICT_PROTOTYPES = YES;
				CLANG_WARN_SUSPICIOUS_MOVE = YES;
				CLANG_WARN_UNGUARDED_AVAILABILITY = YES_AGGRESSIVE;
				CLANG_WARN_UNREACHABLE_CODE = YES;
				CLANG_WARN__DUPLICATE_METHOD_MATCH = YES;
				COPY_PHASE_STRIP = NO;
				DEBUG_INFORMATION_FORMAT = "dwarf-with-dsym";
				ENABLE_NS_ASSERTIONS = NO;
				ENABLE_STRICT_OBJC_MSGSEND = YES;
				GCC_C_LANGUAGE_STANDARD = gnu11;
				GCC_NO_COMMON_BLOCKS = YES;
				GCC_WARN_64_TO_32_BIT_CONVERSION = YES;
				GCC_WARN_ABOUT_RETURN_TYPE = YES_ERROR;
				GCC_WARN_UNDECLARED_SELECTOR = YES;
				GCC_WARN_UNINITIALIZED_AUTOS = YES_AGGRESSIVE;
				GCC_WARN_UNUSED_FUNCTION = YES;
				GCC_WARN_UNUSED_VARIABLE = YES;
				IPHONEOS_DEPLOYMENT_TARGET = 16.4;
				MTL_ENABLE_DEBUG_INFO = NO;
				MTL_FAST_MATH = YES;
				SDKROOT = iphoneos;
				SWIFT_COMPILATION_MODE = wholemodule;
				SWIFT_OPTIMIZATION_LEVEL = "-O";
				VALIDATE_PRODUCT = YES;
			};
			name = Release;
		};
		F8D889C42A809703005DB81B /* Debug */ = {
			isa = XCBuildConfiguration;
			buildSettings = {
				ALWAYS_EMBED_SWIFT_STANDARD_LIBRARIES = YES;
				ASSETCATALOG_COMPILER_APPICON_NAME = AppIcon;
				ASSETCATALOG_COMPILER_GLOBAL_ACCENT_COLOR_NAME = AccentColor;
				CODE_SIGN_IDENTITY = "Apple Development";
				CODE_SIGN_STYLE = Manual;
				CURRENT_PROJECT_VERSION = 1;
				DEVELOPMENT_ASSET_PATHS = "\"NoteChallenge/Preview Content\"";
				DEVELOPMENT_TEAM = "";
				ENABLE_PREVIEWS = YES;
				GENERATE_INFOPLIST_FILE = YES;
				INFOPLIST_KEY_UIApplicationSceneManifest_Generation = YES;
				INFOPLIST_KEY_UIApplicationSupportsIndirectInputEvents = YES;
				INFOPLIST_KEY_UILaunchScreen_Generation = YES;
				INFOPLIST_KEY_UISupportedInterfaceOrientations_iPad = "UIInterfaceOrientationPortrait UIInterfaceOrientationPortraitUpsideDown UIInterfaceOrientationLandscapeLeft UIInterfaceOrientationLandscapeRight";
				INFOPLIST_KEY_UISupportedInterfaceOrientations_iPhone = "UIInterfaceOrientationPortrait UIInterfaceOrientationLandscapeLeft UIInterfaceOrientationLandscapeRight";
				IPHONEOS_DEPLOYMENT_TARGET = 14.0;
				LD_RUNPATH_SEARCH_PATHS = (
					"$(inherited)",
					"@executable_path/Frameworks",
				);
				MARKETING_VERSION = 1.0;
				PRODUCT_BUNDLE_IDENTIFIER = com.daitrandev.notechallenge;
				PRODUCT_NAME = "$(TARGET_NAME)";
				PROVISIONING_PROFILE_SPECIFIER = "";
				SWIFT_EMIT_LOC_STRINGS = YES;
				SWIFT_VERSION = 5.0;
				TARGETED_DEVICE_FAMILY = "1,2";
			};
			name = Debug;
		};
		F8D889C52A809703005DB81B /* Release */ = {
			isa = XCBuildConfiguration;
			buildSettings = {
				ALWAYS_EMBED_SWIFT_STANDARD_LIBRARIES = YES;
				ASSETCATALOG_COMPILER_APPICON_NAME = AppIcon;
				ASSETCATALOG_COMPILER_GLOBAL_ACCENT_COLOR_NAME = AccentColor;
				CODE_SIGN_IDENTITY = "Apple Development";
				CODE_SIGN_STYLE = Manual;
				CURRENT_PROJECT_VERSION = 1;
				DEVELOPMENT_ASSET_PATHS = "\"NoteChallenge/Preview Content\"";
				DEVELOPMENT_TEAM = "";
				ENABLE_PREVIEWS = YES;
				GENERATE_INFOPLIST_FILE = YES;
				INFOPLIST_KEY_UIApplicationSceneManifest_Generation = YES;
				INFOPLIST_KEY_UIApplicationSupportsIndirectInputEvents = YES;
				INFOPLIST_KEY_UILaunchScreen_Generation = YES;
				INFOPLIST_KEY_UISupportedInterfaceOrientations_iPad = "UIInterfaceOrientationPortrait UIInterfaceOrientationPortraitUpsideDown UIInterfaceOrientationLandscapeLeft UIInterfaceOrientationLandscapeRight";
				INFOPLIST_KEY_UISupportedInterfaceOrientations_iPhone = "UIInterfaceOrientationPortrait UIInterfaceOrientationLandscapeLeft UIInterfaceOrientationLandscapeRight";
				IPHONEOS_DEPLOYMENT_TARGET = 14.0;
				LD_RUNPATH_SEARCH_PATHS = (
					"$(inherited)",
					"@executable_path/Frameworks",
				);
				MARKETING_VERSION = 1.0;
				PRODUCT_BUNDLE_IDENTIFIER = com.daitrandev.notechallenge;
				PRODUCT_NAME = "$(TARGET_NAME)";
				PROVISIONING_PROFILE_SPECIFIER = "";
				SWIFT_EMIT_LOC_STRINGS = YES;
				SWIFT_VERSION = 5.0;
				TARGETED_DEVICE_FAMILY = "1,2";
			};
			name = Release;
		};
		F8D88A012A809AC3005DB81B /* Debug */ = {
			isa = XCBuildConfiguration;
			buildSettings = {
				CLANG_ENABLE_MODULES = YES;
				CODE_SIGN_STYLE = Automatic;
				CURRENT_PROJECT_VERSION = 1;
				DEFINES_MODULE = YES;
				DEVELOPMENT_TEAM = C59ZVY87DS;
				DYLIB_COMPATIBILITY_VERSION = 1;
				DYLIB_CURRENT_VERSION = 1;
				DYLIB_INSTALL_NAME_BASE = "@rpath";
				ENABLE_MODULE_VERIFIER = YES;
				GENERATE_INFOPLIST_FILE = YES;
				INFOPLIST_KEY_NSHumanReadableCopyright = "";
				INSTALL_PATH = "$(LOCAL_LIBRARY_DIR)/Frameworks";
				IPHONEOS_DEPLOYMENT_TARGET = 14.0;
				LD_RUNPATH_SEARCH_PATHS = (
					"@executable_path/Frameworks",
					"@loader_path/Frameworks",
				);
				"LD_RUNPATH_SEARCH_PATHS[sdk=macosx*]" = (
					"@executable_path/../Frameworks",
					"@loader_path/Frameworks",
				);
				MACOSX_DEPLOYMENT_TARGET = 13.3;
				MARKETING_VERSION = 1.0;
				MODULE_VERIFIER_SUPPORTED_LANGUAGES = "objective-c objective-c++";
				MODULE_VERIFIER_SUPPORTED_LANGUAGE_STANDARDS = "gnu11 gnu++20";
				PRODUCT_BUNDLE_IDENTIFIER = com.daitrandev.notechallenge.Domain;
				PRODUCT_NAME = "$(TARGET_NAME:c99extidentifier)";
				SDKROOT = auto;
				SKIP_INSTALL = YES;
				SUPPORTED_PLATFORMS = "iphoneos iphonesimulator macosx";
				SWIFT_EMIT_LOC_STRINGS = YES;
				SWIFT_OPTIMIZATION_LEVEL = "-Onone";
				SWIFT_VERSION = 5.0;
				TARGETED_DEVICE_FAMILY = "1,2";
				VERSIONING_SYSTEM = "apple-generic";
				VERSION_INFO_PREFIX = "";
			};
			name = Debug;
		};
		F8D88A022A809AC3005DB81B /* Release */ = {
			isa = XCBuildConfiguration;
			buildSettings = {
				CLANG_ENABLE_MODULES = YES;
				CODE_SIGN_STYLE = Automatic;
				CURRENT_PROJECT_VERSION = 1;
				DEFINES_MODULE = YES;
				DEVELOPMENT_TEAM = C59ZVY87DS;
				DYLIB_COMPATIBILITY_VERSION = 1;
				DYLIB_CURRENT_VERSION = 1;
				DYLIB_INSTALL_NAME_BASE = "@rpath";
				ENABLE_MODULE_VERIFIER = YES;
				GENERATE_INFOPLIST_FILE = YES;
				INFOPLIST_KEY_NSHumanReadableCopyright = "";
				INSTALL_PATH = "$(LOCAL_LIBRARY_DIR)/Frameworks";
				IPHONEOS_DEPLOYMENT_TARGET = 14.0;
				LD_RUNPATH_SEARCH_PATHS = (
					"@executable_path/Frameworks",
					"@loader_path/Frameworks",
				);
				"LD_RUNPATH_SEARCH_PATHS[sdk=macosx*]" = (
					"@executable_path/../Frameworks",
					"@loader_path/Frameworks",
				);
				MACOSX_DEPLOYMENT_TARGET = 13.3;
				MARKETING_VERSION = 1.0;
				MODULE_VERIFIER_SUPPORTED_LANGUAGES = "objective-c objective-c++";
				MODULE_VERIFIER_SUPPORTED_LANGUAGE_STANDARDS = "gnu11 gnu++20";
				PRODUCT_BUNDLE_IDENTIFIER = com.daitrandev.notechallenge.Domain;
				PRODUCT_NAME = "$(TARGET_NAME:c99extidentifier)";
				SDKROOT = auto;
				SKIP_INSTALL = YES;
				SUPPORTED_PLATFORMS = "iphoneos iphonesimulator macosx";
				SWIFT_EMIT_LOC_STRINGS = YES;
				SWIFT_VERSION = 5.0;
				TARGETED_DEVICE_FAMILY = "1,2";
				VERSIONING_SYSTEM = "apple-generic";
				VERSION_INFO_PREFIX = "";
			};
			name = Release;
		};
		F8D88A122A809B4C005DB81B /* Debug */ = {
			isa = XCBuildConfiguration;
			buildSettings = {
				ALWAYS_EMBED_SWIFT_STANDARD_LIBRARIES = YES;
				CODE_SIGN_STYLE = Automatic;
				CURRENT_PROJECT_VERSION = 1;
				DEVELOPMENT_TEAM = C59ZVY87DS;
				GENERATE_INFOPLIST_FILE = YES;
				MARKETING_VERSION = 1.0;
				PRODUCT_BUNDLE_IDENTIFIER = com.daitrandev.notechallenge.DomainTests;
				PRODUCT_NAME = "$(TARGET_NAME)";
				SWIFT_EMIT_LOC_STRINGS = NO;
				SWIFT_VERSION = 5.0;
				TARGETED_DEVICE_FAMILY = "1,2";
			};
			name = Debug;
		};
		F8D88A132A809B4C005DB81B /* Release */ = {
			isa = XCBuildConfiguration;
			buildSettings = {
				ALWAYS_EMBED_SWIFT_STANDARD_LIBRARIES = YES;
				CODE_SIGN_STYLE = Automatic;
				CURRENT_PROJECT_VERSION = 1;
				DEVELOPMENT_TEAM = C59ZVY87DS;
				GENERATE_INFOPLIST_FILE = YES;
				MARKETING_VERSION = 1.0;
				PRODUCT_BUNDLE_IDENTIFIER = com.daitrandev.notechallenge.DomainTests;
				PRODUCT_NAME = "$(TARGET_NAME)";
				SWIFT_EMIT_LOC_STRINGS = NO;
				SWIFT_VERSION = 5.0;
				TARGETED_DEVICE_FAMILY = "1,2";
			};
			name = Release;
		};
		F8D88A422A80AA61005DB81B /* Debug */ = {
			isa = XCBuildConfiguration;
			buildSettings = {
				CLANG_ENABLE_MODULES = YES;
				CODE_SIGN_STYLE = Automatic;
				CURRENT_PROJECT_VERSION = 1;
				DEFINES_MODULE = YES;
				DEVELOPMENT_TEAM = C59ZVY87DS;
				DYLIB_COMPATIBILITY_VERSION = 1;
				DYLIB_CURRENT_VERSION = 1;
				DYLIB_INSTALL_NAME_BASE = "@rpath";
				ENABLE_MODULE_VERIFIER = YES;
				GENERATE_INFOPLIST_FILE = YES;
				INFOPLIST_KEY_NSHumanReadableCopyright = "";
				INSTALL_PATH = "$(LOCAL_LIBRARY_DIR)/Frameworks";
				IPHONEOS_DEPLOYMENT_TARGET = 14.0;
				LD_RUNPATH_SEARCH_PATHS = (
					"@executable_path/Frameworks",
					"@loader_path/Frameworks",
				);
				"LD_RUNPATH_SEARCH_PATHS[sdk=macosx*]" = (
					"@executable_path/../Frameworks",
					"@loader_path/Frameworks",
				);
				MACOSX_DEPLOYMENT_TARGET = 13.3;
				MARKETING_VERSION = 1.0;
				MODULE_VERIFIER_SUPPORTED_LANGUAGES = "objective-c objective-c++";
				MODULE_VERIFIER_SUPPORTED_LANGUAGE_STANDARDS = "gnu11 gnu++20";
				PRODUCT_BUNDLE_IDENTIFIER = com.daitrandev.notechallenge.Data;
				PRODUCT_NAME = "$(TARGET_NAME:c99extidentifier)";
				SDKROOT = auto;
				SKIP_INSTALL = YES;
				SUPPORTED_PLATFORMS = "iphoneos iphonesimulator macosx";
				SWIFT_EMIT_LOC_STRINGS = YES;
				SWIFT_OPTIMIZATION_LEVEL = "-Onone";
				SWIFT_VERSION = 5.0;
				TARGETED_DEVICE_FAMILY = "1,2";
				VERSIONING_SYSTEM = "apple-generic";
				VERSION_INFO_PREFIX = "";
			};
			name = Debug;
		};
		F8D88A432A80AA61005DB81B /* Release */ = {
			isa = XCBuildConfiguration;
			buildSettings = {
				CLANG_ENABLE_MODULES = YES;
				CODE_SIGN_STYLE = Automatic;
				CURRENT_PROJECT_VERSION = 1;
				DEFINES_MODULE = YES;
				DEVELOPMENT_TEAM = C59ZVY87DS;
				DYLIB_COMPATIBILITY_VERSION = 1;
				DYLIB_CURRENT_VERSION = 1;
				DYLIB_INSTALL_NAME_BASE = "@rpath";
				ENABLE_MODULE_VERIFIER = YES;
				GENERATE_INFOPLIST_FILE = YES;
				INFOPLIST_KEY_NSHumanReadableCopyright = "";
				INSTALL_PATH = "$(LOCAL_LIBRARY_DIR)/Frameworks";
				IPHONEOS_DEPLOYMENT_TARGET = 14.0;
				LD_RUNPATH_SEARCH_PATHS = (
					"@executable_path/Frameworks",
					"@loader_path/Frameworks",
				);
				"LD_RUNPATH_SEARCH_PATHS[sdk=macosx*]" = (
					"@executable_path/../Frameworks",
					"@loader_path/Frameworks",
				);
				MACOSX_DEPLOYMENT_TARGET = 13.3;
				MARKETING_VERSION = 1.0;
				MODULE_VERIFIER_SUPPORTED_LANGUAGES = "objective-c objective-c++";
				MODULE_VERIFIER_SUPPORTED_LANGUAGE_STANDARDS = "gnu11 gnu++20";
				PRODUCT_BUNDLE_IDENTIFIER = com.daitrandev.notechallenge.Data;
				PRODUCT_NAME = "$(TARGET_NAME:c99extidentifier)";
				SDKROOT = auto;
				SKIP_INSTALL = YES;
				SUPPORTED_PLATFORMS = "iphoneos iphonesimulator macosx";
				SWIFT_EMIT_LOC_STRINGS = YES;
				SWIFT_VERSION = 5.0;
				TARGETED_DEVICE_FAMILY = "1,2";
				VERSIONING_SYSTEM = "apple-generic";
				VERSION_INFO_PREFIX = "";
			};
			name = Release;
		};
		F8D88A452A80AA61005DB81B /* Debug */ = {
			isa = XCBuildConfiguration;
			buildSettings = {
				ALWAYS_EMBED_SWIFT_STANDARD_LIBRARIES = YES;
				CODE_SIGN_STYLE = Automatic;
				CURRENT_PROJECT_VERSION = 1;
				DEVELOPMENT_TEAM = C59ZVY87DS;
				GENERATE_INFOPLIST_FILE = YES;
				IPHONEOS_DEPLOYMENT_TARGET = 16.4;
				MACOSX_DEPLOYMENT_TARGET = 13.3;
				MARKETING_VERSION = 1.0;
				PRODUCT_BUNDLE_IDENTIFIER = com.daitrandev.notechallenge.DataTests;
				PRODUCT_NAME = "$(TARGET_NAME)";
				SDKROOT = auto;
				SUPPORTED_PLATFORMS = "iphoneos iphonesimulator macosx";
				SWIFT_EMIT_LOC_STRINGS = NO;
				SWIFT_VERSION = 5.0;
				TARGETED_DEVICE_FAMILY = "1,2";
				TEST_HOST = "$(BUILT_PRODUCTS_DIR)/NoteChallenge.app/$(BUNDLE_EXECUTABLE_FOLDER_PATH)/NoteChallenge";
			};
			name = Debug;
		};
		F8D88A462A80AA61005DB81B /* Release */ = {
			isa = XCBuildConfiguration;
			buildSettings = {
				ALWAYS_EMBED_SWIFT_STANDARD_LIBRARIES = YES;
				CODE_SIGN_STYLE = Automatic;
				CURRENT_PROJECT_VERSION = 1;
				DEVELOPMENT_TEAM = C59ZVY87DS;
				GENERATE_INFOPLIST_FILE = YES;
				IPHONEOS_DEPLOYMENT_TARGET = 16.4;
				MACOSX_DEPLOYMENT_TARGET = 13.3;
				MARKETING_VERSION = 1.0;
				PRODUCT_BUNDLE_IDENTIFIER = com.daitrandev.notechallenge.DataTests;
				PRODUCT_NAME = "$(TARGET_NAME)";
				SDKROOT = auto;
				SUPPORTED_PLATFORMS = "iphoneos iphonesimulator macosx";
				SWIFT_EMIT_LOC_STRINGS = NO;
				SWIFT_VERSION = 5.0;
				TARGETED_DEVICE_FAMILY = "1,2";
				TEST_HOST = "$(BUILT_PRODUCTS_DIR)/NoteChallenge.app/$(BUNDLE_EXECUTABLE_FOLDER_PATH)/NoteChallenge";
			};
			name = Release;
		};
/* End XCBuildConfiguration section */

/* Begin XCConfigurationList section */
		F8D889B02A809702005DB81B /* Build configuration list for PBXProject "NoteChallenge" */ = {
			isa = XCConfigurationList;
			buildConfigurations = (
				F8D889C12A809703005DB81B /* Debug */,
				F8D889C22A809703005DB81B /* Release */,
			);
			defaultConfigurationIsVisible = 0;
			defaultConfigurationName = Release;
		};
		F8D889C32A809703005DB81B /* Build configuration list for PBXNativeTarget "NoteChallenge" */ = {
			isa = XCConfigurationList;
			buildConfigurations = (
				F8D889C42A809703005DB81B /* Debug */,
				F8D889C52A809703005DB81B /* Release */,
			);
			defaultConfigurationIsVisible = 0;
			defaultConfigurationName = Release;
		};
		F8D88A002A809AC3005DB81B /* Build configuration list for PBXNativeTarget "Domain" */ = {
			isa = XCConfigurationList;
			buildConfigurations = (
				F8D88A012A809AC3005DB81B /* Debug */,
				F8D88A022A809AC3005DB81B /* Release */,
			);
			defaultConfigurationIsVisible = 0;
			defaultConfigurationName = Release;
		};
		F8D88A112A809B4C005DB81B /* Build configuration list for PBXNativeTarget "DomainTests" */ = {
			isa = XCConfigurationList;
			buildConfigurations = (
				F8D88A122A809B4C005DB81B /* Debug */,
				F8D88A132A809B4C005DB81B /* Release */,
			);
			defaultConfigurationIsVisible = 0;
			defaultConfigurationName = Release;
		};
		F8D88A412A80AA61005DB81B /* Build configuration list for PBXNativeTarget "Data" */ = {
			isa = XCConfigurationList;
			buildConfigurations = (
				F8D88A422A80AA61005DB81B /* Debug */,
				F8D88A432A80AA61005DB81B /* Release */,
			);
			defaultConfigurationIsVisible = 0;
			defaultConfigurationName = Release;
		};
		F8D88A442A80AA61005DB81B /* Build configuration list for PBXNativeTarget "DataTests" */ = {
			isa = XCConfigurationList;
			buildConfigurations = (
				F8D88A452A80AA61005DB81B /* Debug */,
				F8D88A462A80AA61005DB81B /* Release */,
			);
			defaultConfigurationIsVisible = 0;
			defaultConfigurationName = Release;
		};
/* End XCConfigurationList section */

/* Begin XCRemoteSwiftPackageReference section */
		F8A952592A80D285004AEE5F /* XCRemoteSwiftPackageReference "firebase-ios-sdk" */ = {
			isa = XCRemoteSwiftPackageReference;
			repositoryURL = "https://github.com/firebase/firebase-ios-sdk.git";
			requirement = {
				kind = upToNextMajorVersion;
				minimumVersion = 10.0.0;
			};
		};
/* End XCRemoteSwiftPackageReference section */

/* Begin XCSwiftPackageProductDependency section */
		F8A9525A2A80D285004AEE5F /* FirebaseDatabase */ = {
			isa = XCSwiftPackageProductDependency;
			package = F8A952592A80D285004AEE5F /* XCRemoteSwiftPackageReference "firebase-ios-sdk" */;
			productName = FirebaseDatabase;
		};
		F8A9525C2A80D285004AEE5F /* FirebaseDatabaseSwift */ = {
			isa = XCSwiftPackageProductDependency;
			package = F8A952592A80D285004AEE5F /* XCRemoteSwiftPackageReference "firebase-ios-sdk" */;
			productName = FirebaseDatabaseSwift;
		};
		F8A9525E2A80D2C2004AEE5F /* FirebaseDatabase */ = {
			isa = XCSwiftPackageProductDependency;
			package = F8A952592A80D285004AEE5F /* XCRemoteSwiftPackageReference "firebase-ios-sdk" */;
			productName = FirebaseDatabase;
		};
		F8A952602A80D2C2004AEE5F /* FirebaseDatabaseSwift */ = {
			isa = XCSwiftPackageProductDependency;
			package = F8A952592A80D285004AEE5F /* XCRemoteSwiftPackageReference "firebase-ios-sdk" */;
			productName = FirebaseDatabaseSwift;
		};
/* End XCSwiftPackageProductDependency section */
	};
	rootObject = F8D889AD2A809702005DB81B /* Project object */;
}
